
Microsoft Visual Studio Solution File, Format Version 12.00
# Visual Studio Version 16
VisualStudioVersion = 16.0.29424.173
MinimumVisualStudioVersion = 10.0.40219.1
Project("{FAE04EC0-301F-11D3-BF4B-00C04F79EFBC}") = "Programming Assignment 1", "Programming Assignment 1\Programming Assignment 1.csproj", "{F75D7D0C-52AC-406D-A180-B05A3236D9EA}"
EndProject
Global
	GlobalSection(SolutionConfigurationPlatforms) = preSolution
		Debug|Any CPU = Debug|Any CPU
		Release|Any CPU = Release|Any CPU
	EndGlobalSection
	GlobalSection(ProjectConfigurationPlatforms) = postSolution
		{F75D7D0C-52AC-406D-A180-B05A3236D9EA}.Debug|Any CPU.ActiveCfg = Debug|Any CPU
		{F75D7D0C-52AC-406D-A180-B05A3236D9EA}.Debug|Any CPU.Build.0 = Debug|Any CPU
		{F75D7D0C-52AC-406D-A180-B05A3236D9EA}.Release|Any CPU.ActiveCfg = Release|Any CPU
		{F75D7D0C-52AC-406D-A180-B05A3236D9EA}.Release|Any CPU.Build.0 = Release|Any CPU
	EndGlobalSection
	GlobalSection(SolutionProperties) = preSolution
		HideSolutionNode = FALSE
	EndGlobalSection
	GlobalSection(ExtensibilityGlobals) = postSolution
		SolutionGuid = {3DB66FA6-B487-43FB-BEA2-BBC8DE08DCBD}
	EndGlobalSection
EndGlobal
